
Microsoft Visual Studio Solution File, Format Version 12.00
# Visual Studio 15
VisualStudioVersion = 15.0.34031.82
MinimumVisualStudioVersion = 10.0.40219.1
Project("{8BC9CEB8-8B4A-11D0-8D11-00A0C91BC942}") = "4.28", "4.28\4.28.vcxproj", "{FAE25213-B523-4BC1-A83A-464D2F009CBA}"
EndProject
Global
	GlobalSection(SolutionConfigurationPlatforms) = preSolution
		Debug|x64 = Debug|x64
		Debug|x86 = Debug|x86
		Release|x64 = Release|x64
		Release|x86 = Release|x86
	EndGlobalSection
	GlobalSection(ProjectConfigurationPlatforms) = postSolution
		{FAE25213-B523-4BC1-A83A-464D2F009CBA}.Debug|x64.ActiveCfg = Debug|x64
		{FAE25213-B523-4BC1-A83A-464D2F009CBA}.Debug|x64.Build.0 = Debug|x64
		{FAE25213-B523-4BC1-A83A-464D2F009CBA}.Debug|x86.ActiveCfg = Debug|Win32
		{FAE25213-B523-4BC1-A83A-464D2F009CBA}.Debug|x86.Build.0 = Debug|Win32
		{FAE25213-B523-4BC1-A83A-464D2F009CBA}.Release|x64.ActiveCfg = Release|x64
		{FAE25213-B523-4BC1-A83A-464D2F009CBA}.Release|x64.Build.0 = Release|x64
		{FAE25213-B523-4BC1-A83A-464D2F009CBA}.Release|x86.ActiveCfg = Release|Win32
		{FAE25213-B523-4BC1-A83A-464D2F009CBA}.Release|x86.Build.0 = Release|Win32
	EndGlobalSection
	GlobalSection(SolutionProperties) = preSolution
		HideSolutionNode = FALSE
	EndGlobalSection
	GlobalSection(ExtensibilityGlobals) = postSolution
		SolutionGuid = {28A4B0E6-60A8-41CC-8DB6-6FA794163F51}
	EndGlobalSection
EndGlobal
